
Microsoft Visual Studio Solution File, Format Version 12.00
Project("{FAE04EC0-301F-11D3-BF4B-00C04F79EFBC}") = "Console4", "Console4\Console4.csproj", "{65E424AF-2DC4-426E-AD5C-398463E644BA}"
EndProject
Global
	GlobalSection(SolutionConfigurationPlatforms) = preSolution
		Debug|Any CPU = Debug|Any CPU
		Release|Any CPU = Release|Any CPU
	EndGlobalSection
	GlobalSection(ProjectConfigurationPlatforms) = postSolution
		{65E424AF-2DC4-426E-AD5C-398463E644BA}.Debug|Any CPU.ActiveCfg = Debug|Any CPU
		{65E424AF-2DC4-426E-AD5C-398463E644BA}.Debug|Any CPU.Build.0 = Debug|Any CPU
		{65E424AF-2DC4-426E-AD5C-398463E644BA}.Release|Any CPU.ActiveCfg = Release|Any CPU
		{65E424AF-2DC4-426E-AD5C-398463E644BA}.Release|Any CPU.Build.0 = Release|Any CPU
	EndGlobalSection
EndGlobal
